// !$*UTF8*$!
{
	archiveVersion = 1;
	classes = {
	};
	objectVersion = 55;
	objects = {

/* Begin PBXBuildFile section */
		EA99FA9E284C65C600A5974E /* Tests_iOS.swift in Sources */ = {isa = PBXBuildFile; fileRef = EA99FA9D284C65C600A5974E /* Tests_iOS.swift */; };
		EA99FAA0284C65C600A5974E /* Tests_iOSLaunchTests.swift in Sources */ = {isa = PBXBuildFile; fileRef = EA99FA9F284C65C600A5974E /* Tests_iOSLaunchTests.swift */; };
		EA99FAAA284C65C600A5974E /* Tests_macOS.swift in Sources */ = {isa = PBXBuildFile; fileRef = EA99FAA9284C65C600A5974E /* Tests_macOS.swift */; };
		EA99FAAC284C65C600A5974E /* Tests_macOSLaunchTests.swift in Sources */ = {isa = PBXBuildFile; fileRef = EA99FAAB284C65C600A5974E /* Tests_macOSLaunchTests.swift */; };
		EA99FAAD284C65C600A5974E /* RickAndMortyApiApp.swift in Sources */ = {isa = PBXBuildFile; fileRef = EA99FA85284C65C000A5974E /* RickAndMortyApiApp.swift */; };
		EA99FAAE284C65C600A5974E /* RickAndMortyApiApp.swift in Sources */ = {isa = PBXBuildFile; fileRef = EA99FA85284C65C000A5974E /* RickAndMortyApiApp.swift */; };
		EA99FAAF284C65C600A5974E /* ContentView.swift in Sources */ = {isa = PBXBuildFile; fileRef = EA99FA86284C65C000A5974E /* ContentView.swift */; };
		EA99FAB0284C65C600A5974E /* ContentView.swift in Sources */ = {isa = PBXBuildFile; fileRef = EA99FA86284C65C000A5974E /* ContentView.swift */; };
		EA99FAB1284C65C600A5974E /* Assets.xcassets in Resources */ = {isa = PBXBuildFile; fileRef = EA99FA87284C65C500A5974E /* Assets.xcassets */; };
		EA99FAB2284C65C600A5974E /* Assets.xcassets in Resources */ = {isa = PBXBuildFile; fileRef = EA99FA87284C65C500A5974E /* Assets.xcassets */; };
		EA99FAC2284C663500A5974E /* model.swift in Sources */ = {isa = PBXBuildFile; fileRef = EA99FAC1284C663500A5974E /* model.swift */; };
		EA99FAC3284C663500A5974E /* model.swift in Sources */ = {isa = PBXBuildFile; fileRef = EA99FAC1284C663500A5974E /* model.swift */; };
		EA99FAC5284C67DB00A5974E /* viewModel.swift in Sources */ = {isa = PBXBuildFile; fileRef = EA99FAC4284C67DB00A5974E /* viewModel.swift */; };
		EA99FAC6284C67DB00A5974E /* viewModel.swift in Sources */ = {isa = PBXBuildFile; fileRef = EA99FAC4284C67DB00A5974E /* viewModel.swift */; };
/* End PBXBuildFile section */

/* Begin PBXContainerItemProxy section */
		EA99FA9A284C65C600A5974E /* PBXContainerItemProxy */ = {
			isa = PBXContainerItemProxy;
			containerPortal = EA99FA80284C65C000A5974E /* Project object */;
			proxyType = 1;
			remoteGlobalIDString = EA99FA8B284C65C500A5974E;
			remoteInfo = "RickAndMortyApi (iOS)";
		};
		EA99FAA6284C65C600A5974E /* PBXContainerItemProxy */ = {
			isa = PBXContainerItemProxy;
			containerPortal = EA99FA80284C65C000A5974E /* Project object */;
			proxyType = 1;
			remoteGlobalIDString = EA99FA91284C65C500A5974E;
			remoteInfo = "RickAndMortyApi (macOS)";
		};
/* End PBXContainerItemProxy section */

/* Begin PBXFileReference section */
		EA99FA85284C65C000A5974E /* RickAndMortyApiApp.swift */ = {isa = PBXFileReference; lastKnownFileType = sourcecode.swift; path = RickAndMortyApiApp.swift; sourceTree = "<group>"; };
		EA99FA86284C65C000A5974E /* ContentView.swift */ = {isa = PBXFileReference; lastKnownFileType = sourcecode.swift; path = ContentView.swift; sourceTree = "<group>"; };
		EA99FA87284C65C500A5974E /* Assets.xcassets */ = {isa = PBXFileReference; lastKnownFileType = folder.assetcatalog; path = Assets.xcassets; sourceTree = "<group>"; };
		EA99FA8C284C65C500A5974E /* RickAndMortyApi.app */ = {isa = PBXFileReference; explicitFileType = wrapper.application; includeInIndex = 0; path = RickAndMortyApi.app; sourceTree = BUILT_PRODUCTS_DIR; };
		EA99FA92284C65C500A5974E /* RickAndMortyApi.app */ = {isa = PBXFileReference; explicitFileType = wrapper.application; includeInIndex = 0; path = RickAndMortyApi.app; sourceTree = BUILT_PRODUCTS_DIR; };
		EA99FA94284C65C500A5974E /* macOS.entitlements */ = {isa = PBXFileReference; lastKnownFileType = text.plist.entitlements; path = macOS.entitlements; sourceTree = "<group>"; };
		EA99FA99284C65C600A5974E /* Tests iOS.xctest */ = {isa = PBXFileReference; explicitFileType = wrapper.cfbundle; includeInIndex = 0; path = "Tests iOS.xctest"; sourceTree = BUILT_PRODUCTS_DIR; };
		EA99FA9D284C65C600A5974E /* Tests_iOS.swift */ = {isa = PBXFileReference; lastKnownFileType = sourcecode.swift; path = Tests_iOS.swift; sourceTree = "<group>"; };
		EA99FA9F284C65C600A5974E /* Tests_iOSLaunchTests.swift */ = {isa = PBXFileReference; lastKnownFileType = sourcecode.swift; path = Tests_iOSLaunchTests.swift; sourceTree = "<group>"; };
		EA99FAA5284C65C600A5974E /* Tests macOS.xctest */ = {isa = PBXFileReference; explicitFileType = wrapper.cfbundle; includeInIndex = 0; path = "Tests macOS.xctest"; sourceTree = BUILT_PRODUCTS_DIR; };
		EA99FAA9284C65C600A5974E /* Tests_macOS.swift */ = {isa = PBXFileReference; lastKnownFileType = sourcecode.swift; path = Tests_macOS.swift; sourceTree = "<group>"; };
		EA99FAAB284C65C600A5974E /* Tests_macOSLaunchTests.swift */ = {isa = PBXFileReference; lastKnownFileType = sourcecode.swift; path = Tests_macOSLaunchTests.swift; sourceTree = "<group>"; };
		EA99FAC1284C663500A5974E /* model.swift */ = {isa = PBXFileReference; lastKnownFileType = sourcecode.swift; path = model.swift; sourceTree = "<group>"; };
		EA99FAC4284C67DB00A5974E /* viewModel.swift */ = {isa = PBXFileReference; lastKnownFileType = sourcecode.swift; path = viewModel.swift; sourceTree = "<group>"; };
/* End PBXFileReference section */

/* Begin PBXFrameworksBuildPhase section */
		EA99FA89284C65C500A5974E /* Frameworks */ = {
			isa = PBXFrameworksBuildPhase;
			buildActionMask = 2147483647;
			files = (
			);
			runOnlyForDeploymentPostprocessing = 0;
		};
		EA99FA8F284C65C500A5974E /* Frameworks */ = {
			isa = PBXFrameworksBuildPhase;
			buildActionMask = 2147483647;
			files = (
			);
			runOnlyForDeploymentPostprocessing = 0;
		};
		EA99FA96284C65C500A5974E /* Frameworks */ = {
			isa = PBXFrameworksBuildPhase;
			buildActionMask = 2147483647;
			files = (
			);
			runOnlyForDeploymentPostprocessing = 0;
		};
		EA99FAA2284C65C600A5974E /* Frameworks */ = {
			isa = PBXFrameworksBuildPhase;
			buildActionMask = 2147483647;
			files = (
			);
			runOnlyForDeploymentPostprocessing = 0;
		};
/* End PBXFrameworksBuildPhase section */

/* Begin PBXGroup section */
		EA99FA7F284C65C000A5974E = {
			isa = PBXGroup;
			children = (
				EA99FA84284C65C000A5974E /* Shared */,
				EA99FA93284C65C500A5974E /* macOS */,
				EA99FA9C284C65C600A5974E /* Tests iOS */,
				EA99FAA8284C65C600A5974E /* Tests macOS */,
				EA99FA8D284C65C500A5974E /* Products */,
			);
			sourceTree = "<group>";
		};
		EA99FA84284C65C000A5974E /* Shared */ = {
			isa = PBXGroup;
			children = (
				EA99FA85284C65C000A5974E /* RickAndMortyApiApp.swift */,
				EA99FA86284C65C000A5974E /* ContentView.swift */,
				EA99FAC1284C663500A5974E /* model.swift */,
				EA99FAC4284C67DB00A5974E /* viewModel.swift */,
				EA99FA87284C65C500A5974E /* Assets.xcassets */,
			);
			path = Shared;
			sourceTree = "<group>";
		};
		EA99FA8D284C65C500A5974E /* Products */ = {
			isa = PBXGroup;
			children = (
				EA99FA8C284C65C500A5974E /* RickAndMortyApi.app */,
				EA99FA92284C65C500A5974E /* RickAndMortyApi.app */,
				EA99FA99284C65C600A5974E /* Tests iOS.xctest */,
				EA99FAA5284C65C600A5974E /* Tests macOS.xctest */,
			);
			name = Products;
			sourceTree = "<group>";
		};
		EA99FA93284C65C500A5974E /* macOS */ = {
			isa = PBXGroup;
			children = (
				EA99FA94284C65C500A5974E /* macOS.entitlements */,
			);
			path = macOS;
			sourceTree = "<group>";
		};
		EA99FA9C284C65C600A5974E /* Tests iOS */ = {
			isa = PBXGroup;
			children = (
				EA99FA9D284C65C600A5974E /* Tests_iOS.swift */,
				EA99FA9F284C65C600A5974E /* Tests_iOSLaunchTests.swift */,
			);
			path = "Tests iOS";
			sourceTree = "<group>";
		};
		EA99FAA8284C65C600A5974E /* Tests macOS */ = {
			isa = PBXGroup;
			children = (
				EA99FAA9284C65C600A5974E /* Tests_macOS.swift */,
				EA99FAAB284C65C600A5974E /* Tests_macOSLaunchTests.swift */,
			);
			path = "Tests macOS";
			sourceTree = "<group>";
		};
/* End PBXGroup section */

/* Begin PBXNativeTarget section */
		EA99FA8B284C65C500A5974E /* RickAndMortyApi (iOS) */ = {
			isa = PBXNativeTarget;
			buildConfigurationList = EA99FAB5284C65C600A5974E /* Build configuration list for PBXNativeTarget "RickAndMortyApi (iOS)" */;
			buildPhases = (
				EA99FA88284C65C500A5974E /* Sources */,
				EA99FA89284C65C500A5974E /* Frameworks */,
				EA99FA8A284C65C500A5974E /* Resources */,
			);
			buildRules = (
			);
			dependencies = (
			);
			name = "RickAndMortyApi (iOS)";
			productName = "RickAndMortyApi (iOS)";
			productReference = EA99FA8C284C65C500A5974E /* RickAndMortyApi.app */;
			productType = "com.apple.product-type.application";
		};
		EA99FA91284C65C500A5974E /* RickAndMortyApi (macOS) */ = {
			isa = PBXNativeTarget;
			buildConfigurationList = EA99FAB8284C65C600A5974E /* Build configuration list for PBXNativeTarget "RickAndMortyApi (macOS)" */;
			buildPhases = (
				EA99FA8E284C65C500A5974E /* Sources */,
				EA99FA8F284C65C500A5974E /* Frameworks */,
				EA99FA90284C65C500A5974E /* Resources */,
			);
			buildRules = (
			);
			dependencies = (
			);
			name = "RickAndMortyApi (macOS)";
			productName = "RickAndMortyApi (macOS)";
			productReference = EA99FA92284C65C500A5974E /* RickAndMortyApi.app */;
			productType = "com.apple.product-type.application";
		};
		EA99FA98284C65C500A5974E /* Tests iOS */ = {
			isa = PBXNativeTarget;
			buildConfigurationList = EA99FABB284C65C600A5974E /* Build configuration list for PBXNativeTarget "Tests iOS" */;
			buildPhases = (
				EA99FA95284C65C500A5974E /* Sources */,
				EA99FA96284C65C500A5974E /* Frameworks */,
				EA99FA97284C65C500A5974E /* Resources */,
			);
			buildRules = (
			);
			dependencies = (
				EA99FA9B284C65C600A5974E /* PBXTargetDependency */,
			);
			name = "Tests iOS";
			productName = "Tests iOS";
			productReference = EA99FA99284C65C600A5974E /* Tests iOS.xctest */;
			productType = "com.apple.product-type.bundle.ui-testing";
		};
		EA99FAA4284C65C600A5974E /* Tests macOS */ = {
			isa = PBXNativeTarget;
			buildConfigurationList = EA99FABE284C65C600A5974E /* Build configuration list for PBXNativeTarget "Tests macOS" */;
			buildPhases = (
				EA99FAA1284C65C600A5974E /* Sources */,
				EA99FAA2284C65C600A5974E /* Frameworks */,
				EA99FAA3284C65C600A5974E /* Resources */,
			);
			buildRules = (
			);
			dependencies = (
				EA99FAA7284C65C600A5974E /* PBXTargetDependency */,
			);
			name = "Tests macOS";
			productName = "Tests macOS";
			productReference = EA99FAA5284C65C600A5974E /* Tests macOS.xctest */;
			productType = "com.apple.product-type.bundle.ui-testing";
		};
/* End PBXNativeTarget section */

/* Begin PBXProject section */
		EA99FA80284C65C000A5974E /* Project object */ = {
			isa = PBXProject;
			attributes = {
				BuildIndependentTargetsInParallel = 1;
				LastSwiftUpdateCheck = 1340;
				LastUpgradeCheck = 1340;
				TargetAttributes = {
					EA99FA8B284C65C500A5974E = {
						CreatedOnToolsVersion = 13.4;
					};
					EA99FA91284C65C500A5974E = {
						CreatedOnToolsVersion = 13.4;
					};
					EA99FA98284C65C500A5974E = {
						CreatedOnToolsVersion = 13.4;
						TestTargetID = EA99FA8B284C65C500A5974E;
					};
					EA99FAA4284C65C600A5974E = {
						CreatedOnToolsVersion = 13.4;
						TestTargetID = EA99FA91284C65C500A5974E;
					};
				};
			};
			buildConfigurationList = EA99FA83284C65C000A5974E /* Build configuration list for PBXProject "RickAndMortyApi" */;
			compatibilityVersion = "Xcode 13.0";
			developmentRegion = en;
			hasScannedForEncodings = 0;
			knownRegions = (
				en,
				Base,
			);
			mainGroup = EA99FA7F284C65C000A5974E;
			productRefGroup = EA99FA8D284C65C500A5974E /* Products */;
			projectDirPath = "";
			projectRoot = "";
			targets = (
				EA99FA8B284C65C500A5974E /* RickAndMortyApi (iOS) */,
				EA99FA91284C65C500A5974E /* RickAndMortyApi (macOS) */,
				EA99FA98284C65C500A5974E /* Tests iOS */,
				EA99FAA4284C65C600A5974E /* Tests macOS */,
			);
		};
/* End PBXProject section */

/* Begin PBXResourcesBuildPhase section */
		EA99FA8A284C65C500A5974E /* Resources */ = {
			isa = PBXResourcesBuildPhase;
			buildActionMask = 2147483647;
			files = (
				EA99FAB1284C65C600A5974E /* Assets.xcassets in Resources */,
			);
			runOnlyForDeploymentPostprocessing = 0;
		};
		EA99FA90284C65C500A5974E /* Resources */ = {
			isa = PBXResourcesBuildPhase;
			buildActionMask = 2147483647;
			files = (
				EA99FAB2284C65C600A5974E /* Assets.xcassets in Resources */,
			);
			runOnlyForDeploymentPostprocessing = 0;
		};
		EA99FA97284C65C500A5974E /* Resources */ = {
			isa = PBXResourcesBuildPhase;
			buildActionMask = 2147483647;
			files = (
			);
			runOnlyForDeploymentPostprocessing = 0;
		};
		EA99FAA3284C65C600A5974E /* Resources */ = {
			isa = PBXResourcesBuildPhase;
			buildActionMask = 2147483647;
			files = (
			);
			runOnlyForDeploymentPostprocessing = 0;
		};
/* End PBXResourcesBuildPhase section */

/* Begin PBXSourcesBuildPhase section */
		EA99FA88284C65C500A5974E /* Sources */ = {
			isa = PBXSourcesBuildPhase;
			buildActionMask = 2147483647;
			files = (
				EA99FAAF284C65C600A5974E /* ContentView.swift in Sources */,
				EA99FAC2284C663500A5974E /* model.swift in Sources */,
				EA99FAC5284C67DB00A5974E /* viewModel.swift in Sources */,
				EA99FAAD284C65C600A5974E /* RickAndMortyApiApp.swift in Sources */,
			);
			runOnlyForDeploymentPostprocessing = 0;
		};
		EA99FA8E284C65C500A5974E /* Sources */ = {
			isa = PBXSourcesBuildPhase;
			buildActionMask = 2147483647;
			files = (
				EA99FAB0284C65C600A5974E /* ContentView.swift in Sources */,
				EA99FAC3284C663500A5974E /* model.swift in Sources */,
				EA99FAC6284C67DB00A5974E /* viewModel.swift in Sources */,
				EA99FAAE284C65C600A5974E /* RickAndMortyApiApp.swift in Sources */,
			);
			runOnlyForDeploymentPostprocessing = 0;
		};
		EA99FA95284C65C500A5974E /* Sources */ = {
			isa = PBXSourcesBuildPhase;
			buildActionMask = 2147483647;
			files = (
				EA99FAA0284C65C600A5974E /* Tests_iOSLaunchTests.swift in Sources */,
				EA99FA9E284C65C600A5974E /* Tests_iOS.swift in Sources */,
			);
			runOnlyForDeploymentPostprocessing = 0;
		};
		EA99FAA1284C65C600A5974E /* Sources */ = {
			isa = PBXSourcesBuildPhase;
			buildActionMask = 2147483647;
			files = (
				EA99FAAC284C65C600A5974E /* Tests_macOSLaunchTests.swift in Sources */,
				EA99FAAA284C65C600A5974E /* Tests_macOS.swift in Sources */,
			);
			runOnlyForDeploymentPostprocessing = 0;
		};
/* End PBXSourcesBuildPhase section */

/* Begin PBXTargetDependency section */
		EA99FA9B284C65C600A5974E /* PBXTargetDependency */ = {
			isa = PBXTargetDependency;
			target = EA99FA8B284C65C500A5974E /* RickAndMortyApi (iOS) */;
			targetProxy = EA99FA9A284C65C600A5974E /* PBXContainerItemProxy */;
		};
		EA99FAA7284C65C600A5974E /* PBXTargetDependency */ = {
			isa = PBXTargetDependency;
			target = EA99FA91284C65C500A5974E /* RickAndMortyApi (macOS) */;
			targetProxy = EA99FAA6284C65C600A5974E /* PBXContainerItemProxy */;
		};
/* End PBXTargetDependency section */

/* Begin XCBuildConfiguration section */
		EA99FAB3284C65C600A5974E /* Debug */ = {
			isa = XCBuildConfiguration;
			buildSettings = {
				ALWAYS_SEARCH_USER_PATHS = NO;
				CLANG_ANALYZER_NONNULL = YES;
				CLANG_ANALYZER_NUMBER_OBJECT_CONVERSION = YES_AGGRESSIVE;
				CLANG_CXX_LANGUAGE_STANDARD = "gnu++17";
				CLANG_ENABLE_MODULES = YES;
				CLANG_ENABLE_OBJC_ARC = YES;
				CLANG_ENABLE_OBJC_WEAK = YES;
				CLANG_WARN_BLOCK_CAPTURE_AUTORELEASING = YES;
				CLANG_WARN_BOOL_CONVERSION = YES;
				CLANG_WARN_COMMA = YES;
				CLANG_WARN_CONSTANT_CONVERSION = YES;
				CLANG_WARN_DEPRECATED_OBJC_IMPLEMENTATIONS = YES;
				CLANG_WARN_DIRECT_OBJC_ISA_USAGE = YES_ERROR;
				CLANG_WARN_DOCUMENTATION_COMMENTS = YES;
				CLANG_WARN_EMPTY_BODY = YES;
				CLANG_WARN_ENUM_CONVERSION = YES;
				CLANG_WARN_INFINITE_RECURSION = YES;
				CLANG_WARN_INT_CONVERSION = YES;
				CLANG_WARN_NON_LITERAL_NULL_CONVERSION = YES;
				CLANG_WARN_OBJC_IMPLICIT_RETAIN_SELF = YES;
				CLANG_WARN_OBJC_LITERAL_CONVERSION = YES;
				CLANG_WARN_OBJC_ROOT_CLASS = YES_ERROR;
				CLANG_WARN_QUOTED_INCLUDE_IN_FRAMEWORK_HEADER = YES;
				CLANG_WARN_RANGE_LOOP_ANALYSIS = YES;
				CLANG_WARN_STRICT_PROTOTYPES = YES;
				CLANG_WARN_SUSPICIOUS_MOVE = YES;
				CLANG_WARN_UNGUARDED_AVAILABILITY = YES_AGGRESSIVE;
				CLANG_WARN_UNREACHABLE_CODE = YES;
				CLANG_WARN__DUPLICATE_METHOD_MATCH = YES;
				COPY_PHASE_STRIP = NO;
				DEBUG_INFORMATION_FORMAT = dwarf;
				ENABLE_STRICT_OBJC_MSGSEND = YES;
				ENABLE_TESTABILITY = YES;
				GCC_C_LANGUAGE_STANDARD = gnu11;
				GCC_DYNAMIC_NO_PIC = NO;
				GCC_NO_COMMON_BLOCKS = YES;
				GCC_OPTIMIZATION_LEVEL = 0;
				GCC_PREPROCESSOR_DEFINITIONS = (
					"DEBUG=1",
					"$(inherited)",
				);
				GCC_WARN_64_TO_32_BIT_CONVERSION = YES;
				GCC_WARN_ABOUT_RETURN_TYPE = YES_ERROR;
				GCC_WARN_UNDECLARED_SELECTOR = YES;
				GCC_WARN_UNINITIALIZED_AUTOS = YES_AGGRESSIVE;
				GCC_WARN_UNUSED_FUNCTION = YES;
				GCC_WARN_UNUSED_VARIABLE = YES;
				MTL_ENABLE_DEBUG_INFO = INCLUDE_SOURCE;
				MTL_FAST_MATH = YES;
				ONLY_ACTIVE_ARCH = YES;
				SWIFT_ACTIVE_COMPILATION_CONDITIONS = DEBUG;
				SWIFT_OPTIMIZATION_LEVEL = "-Onone";
			};
			name = Debug;
		};
		EA99FAB4284C65C600A5974E /* Release */ = {
			isa = XCBuildConfiguration;
			buildSettings = {
				ALWAYS_SEARCH_USER_PATHS = NO;
				CLANG_ANALYZER_NONNULL = YES;
				CLANG_ANALYZER_NUMBER_OBJECT_CONVERSION = YES_AGGRESSIVE;
				CLANG_CXX_LANGUAGE_STANDARD = "gnu++17";
				CLANG_ENABLE_MODULES = YES;
				CLANG_ENABLE_OBJC_ARC = YES;
				CLANG_ENABLE_OBJC_WEAK = YES;
				CLANG_WARN_BLOCK_CAPTURE_AUTORELEASING = YES;
				CLANG_WARN_BOOL_CONVERSION = YES;
				CLANG_WARN_COMMA = YES;
				CLANG_WARN_CONSTANT_CONVERSION = YES;
				CLANG_WARN_DEPRECATED_OBJC_IMPLEMENTATIONS = YES;
				CLANG_WARN_DIRECT_OBJC_ISA_USAGE = YES_ERROR;
				CLANG_WARN_DOCUMENTATION_COMMENTS = YES;
				CLANG_WARN_EMPTY_BODY = YES;
				CLANG_WARN_ENUM_CONVERSION = YES;
				CLANG_WARN_INFINITE_RECURSION = YES;
				CLANG_WARN_INT_CONVERSION = YES;
				CLANG_WARN_NON_LITERAL_NULL_CONVERSION = YES;
				CLANG_WARN_OBJC_IMPLICIT_RETAIN_SELF = YES;
				CLANG_WARN_OBJC_LITERAL_CONVERSION = YES;
				CLANG_WARN_OBJC_ROOT_CLASS = YES_ERROR;
				CLANG_WARN_QUOTED_INCLUDE_IN_FRAMEWORK_HEADER = YES;
				CLANG_WARN_RANGE_LOOP_ANALYSIS = YES;
				CLANG_WARN_STRICT_PROTOTYPES = YES;
				CLANG_WARN_SUSPICIOUS_MOVE = YES;
				CLANG_WARN_UNGUARDED_AVAILABILITY = YES_AGGRESSIVE;
				CLANG_WARN_UNREACHABLE_CODE = YES;
				CLANG_WARN__DUPLICATE_METHOD_MATCH = YES;
				COPY_PHASE_STRIP = NO;
				DEBUG_INFORMATION_FORMAT = "dwarf-with-dsym";
				ENABLE_NS_ASSERTIONS = NO;
				ENABLE_STRICT_OBJC_MSGSEND = YES;
				GCC_C_LANGUAGE_STANDARD = gnu11;
				GCC_NO_COMMON_BLOCKS = YES;
				GCC_WARN_64_TO_32_BIT_CONVERSION = YES;
				GCC_WARN_ABOUT_RETURN_TYPE = YES_ERROR;
				GCC_WARN_UNDECLARED_SELECTOR = YES;
				GCC_WARN_UNINITIALIZED_AUTOS = YES_AGGRESSIVE;
				GCC_WARN_UNUSED_FUNCTION = YES;
				GCC_WARN_UNUSED_VARIABLE = YES;
				MTL_ENABLE_DEBUG_INFO = NO;
				MTL_FAST_MATH = YES;
				SWIFT_COMPILATION_MODE = wholemodule;
				SWIFT_OPTIMIZATION_LEVEL = "-O";
			};
			name = Release;
		};
		EA99FAB6284C65C600A5974E /* Debug */ = {
			isa = XCBuildConfiguration;
			buildSettings = {
				ASSETCATALOG_COMPILER_APPICON_NAME = AppIcon;
				ASSETCATALOG_COMPILER_GLOBAL_ACCENT_COLOR_NAME = AccentColor;
				CODE_SIGN_STYLE = Automatic;
				CURRENT_PROJECT_VERSION = 1;
				DEVELOPMENT_TEAM = 4PL6HSR297;
				ENABLE_PREVIEWS = YES;
				GENERATE_INFOPLIST_FILE = YES;
				INFOPLIST_KEY_UIApplicationSceneManifest_Generation = YES;
				INFOPLIST_KEY_UIApplicationSupportsIndirectInputEvents = YES;
				INFOPLIST_KEY_UILaunchScreen_Generation = YES;
				INFOPLIST_KEY_UISupportedInterfaceOrientations_iPad = "UIInterfaceOrientationPortrait UIInterfaceOrientationPortraitUpsideDown UIInterfaceOrientationLandscapeLeft UIInterfaceOrientationLandscapeRight";
				INFOPLIST_KEY_UISupportedInterfaceOrientations_iPhone = "UIInterfaceOrientationPortrait UIInterfaceOrientationLandscapeLeft UIInterfaceOrientationLandscapeRight";
				IPHONEOS_DEPLOYMENT_TARGET = 15.5;
				LD_RUNPATH_SEARCH_PATHS = (
					"$(inherited)",
					"@executable_path/Frameworks",
				);
				MARKETING_VERSION = 1.0;
				PRODUCT_BUNDLE_IDENTIFIER = cisneNegro.RickAndMortyApi;
				PRODUCT_NAME = RickAndMortyApi;
				SDKROOT = iphoneos;
				SWIFT_EMIT_LOC_STRINGS = YES;
				SWIFT_VERSION = 5.0;
				TARGETED_DEVICE_FAMILY = "1,2";
			};
			name = Debug;
		};
		EA99FAB7284C65C600A5974E /* Release */ = {
			isa = XCBuildConfiguration;
			buildSettings = {
				ASSETCATALOG_COMPILER_APPICON_NAME = AppIcon;
				ASSETCATALOG_COMPILER_GLOBAL_ACCENT_COLOR_NAME = AccentColor;
				CODE_SIGN_STYLE = Automatic;
				CURRENT_PROJECT_VERSION = 1;
				DEVELOPMENT_TEAM = 4PL6HSR297;
				ENABLE_PREVIEWS = YES;
				GENERATE_INFOPLIST_FILE = YES;
				INFOPLIST_KEY_UIApplicationSceneManifest_Generation = YES;
				INFOPLIST_KEY_UIApplicationSupportsIndirectInputEvents = YES;
				INFOPLIST_KEY_UILaunchScreen_Generation = YES;
				INFOPLIST_KEY_UISupportedInterfaceOrientations_iPad = "UIInterfaceOrientationPortrait UIInterfaceOrientationPortraitUpsideDown UIInterfaceOrientationLandscapeLeft UIInterfaceOrientationLandscapeRight";
				INFOPLIST_KEY_UISupportedInterfaceOrientations_iPhone = "UIInterfaceOrientationPortrait UIInterfaceOrientationLandscapeLeft UIInterfaceOrientationLandscapeRight";
				IPHONEOS_DEPLOYMENT_TARGET = 15.5;
				LD_RUNPATH_SEARCH_PATHS = (
					"$(inherited)",
					"@executable_path/Frameworks",
				);
				MARKETING_VERSION = 1.0;
				PRODUCT_BUNDLE_IDENTIFIER = cisneNegro.RickAndMortyApi;
				PRODUCT_NAME = RickAndMortyApi;
				SDKROOT = iphoneos;
				SWIFT_EMIT_LOC_STRINGS = YES;
				SWIFT_VERSION = 5.0;
				TARGETED_DEVICE_FAMILY = "1,2";
				VALIDATE_PRODUCT = YES;
			};
			name = Release;
		};
		EA99FAB9284C65C600A5974E /* Debug */ = {
			isa = XCBuildConfiguration;
			buildSettings = {
				ASSETCATALOG_COMPILER_APPICON_NAME = AppIcon;
				ASSETCATALOG_COMPILER_GLOBAL_ACCENT_COLOR_NAME = AccentColor;
				CODE_SIGN_ENTITLEMENTS = macOS/macOS.entitlements;
				CODE_SIGN_STYLE = Automatic;
				COMBINE_HIDPI_IMAGES = YES;
				CURRENT_PROJECT_VERSION = 1;
				DEVELOPMENT_TEAM = 4PL6HSR297;
				ENABLE_HARDENED_RUNTIME = YES;
				ENABLE_PREVIEWS = YES;
				GENERATE_INFOPLIST_FILE = YES;
				INFOPLIST_KEY_NSHumanReadableCopyright = "";
				LD_RUNPATH_SEARCH_PATHS = (
					"$(inherited)",
					"@executable_path/../Frameworks",
				);
				MACOSX_DEPLOYMENT_TARGET = 12.3;
				MARKETING_VERSION = 1.0;
				PRODUCT_BUNDLE_IDENTIFIER = cisneNegro.RickAndMortyApi;
				PRODUCT_NAME = RickAndMortyApi;
				SDKROOT = macosx;
				SWIFT_EMIT_LOC_STRINGS = YES;
				SWIFT_VERSION = 5.0;
			};
			name = Debug;
		};
		EA99FABA284C65C600A5974E /* Release */ = {
			isa = XCBuildConfiguration;
			buildSettings = {
				ASSETCATALOG_COMPILER_APPICON_NAME = AppIcon;
				ASSETCATALOG_COMPILER_GLOBAL_ACCENT_COLOR_NAME = AccentColor;
				CODE_SIGN_ENTITLEMENTS = macOS/macOS.entitlements;
				CODE_SIGN_STYLE = Automatic;
				COMBINE_HIDPI_IMAGES = YES;
				CURRENT_PROJECT_VERSION = 1;
				DEVELOPMENT_TEAM = 4PL6HSR297;
				ENABLE_HARDENED_RUNTIME = YES;
				ENABLE_PREVIEWS = YES;
				GENERATE_INFOPLIST_FILE = YES;
				INFOPLIST_KEY_NSHumanReadableCopyright = "";
				LD_RUNPATH_SEARCH_PATHS = (
					"$(inherited)",
					"@executable_path/../Frameworks",
				);
				MACOSX_DEPLOYMENT_TARGET = 12.3;
				MARKETING_VERSION = 1.0;
				PRODUCT_BUNDLE_IDENTIFIER = cisneNegro.RickAndMortyApi;
				PRODUCT_NAME = RickAndMortyApi;
				SDKROOT = macosx;
				SWIFT_EMIT_LOC_STRINGS = YES;
				SWIFT_VERSION = 5.0;
			};
			name = Release;
		};
		EA99FABC284C65C600A5974E /* Debug */ = {
			isa = XCBuildConfiguration;
			buildSettings = {
				ALWAYS_EMBED_SWIFT_STANDARD_LIBRARIES = YES;
				CODE_SIGN_STYLE = Automatic;
				CURRENT_PROJECT_VERSION = 1;
				DEVELOPMENT_TEAM = 4PL6HSR297;
				GENERATE_INFOPLIST_FILE = YES;
				IPHONEOS_DEPLOYMENT_TARGET = 15.5;
				MARKETING_VERSION = 1.0;
				PRODUCT_BUNDLE_IDENTIFIER = "cisneNegro.Tests-iOS";
				PRODUCT_NAME = "$(TARGET_NAME)";
				SDKROOT = iphoneos;
				SWIFT_EMIT_LOC_STRINGS = NO;
				SWIFT_VERSION = 5.0;
				TARGETED_DEVICE_FAMILY = "1,2";
				TEST_TARGET_NAME = "RickAndMortyApi (iOS)";
			};
			name = Debug;
		};
		EA99FABD284C65C600A5974E /* Release */ = {
			isa = XCBuildConfiguration;
			buildSettings = {
				ALWAYS_EMBED_SWIFT_STANDARD_LIBRARIES = YES;
				CODE_SIGN_STYLE = Automatic;
				CURRENT_PROJECT_VERSION = 1;
				DEVELOPMENT_TEAM = 4PL6HSR297;
				GENERATE_INFOPLIST_FILE = YES;
				IPHONEOS_DEPLOYMENT_TARGET = 15.5;
				MARKETING_VERSION = 1.0;
				PRODUCT_BUNDLE_IDENTIFIER = "cisneNegro.Tests-iOS";
				PRODUCT_NAME = "$(TARGET_NAME)";
				SDKROOT = iphoneos;
				SWIFT_EMIT_LOC_STRINGS = NO;
				SWIFT_VERSION = 5.0;
				TARGETED_DEVICE_FAMILY = "1,2";
				TEST_TARGET_NAME = "RickAndMortyApi (iOS)";
				VALIDATE_PRODUCT = YES;
			};
			name = Release;
		};
		EA99FABF284C65C600A5974E /* Debug */ = {
			isa = XCBuildConfiguration;
			buildSettings = {
				ALWAYS_EMBED_SWIFT_STANDARD_LIBRARIES = YES;
				CODE_SIGN_STYLE = Automatic;
				CURRENT_PROJECT_VERSION = 1;
				DEVELOPMENT_TEAM = 4PL6HSR297;
				GENERATE_INFOPLIST_FILE = YES;
				MACOSX_DEPLOYMENT_TARGET = 12.3;
				MARKETING_VERSION = 1.0;
				PRODUCT_BUNDLE_IDENTIFIER = "cisneNegro.Tests-macOS";
				PRODUCT_NAME = "$(TARGET_NAME)";
				SDKROOT = macosx;
				SWIFT_EMIT_LOC_STRINGS = NO;
				SWIFT_VERSION = 5.0;
				TEST_TARGET_NAME = "RickAndMortyApi (macOS)";
			};
			name = Debug;
		};
		EA99FAC0284C65C600A5974E /* Release */ = {
			isa = XCBuildConfiguration;
			buildSettings = {
				ALWAYS_EMBED_SWIFT_STANDARD_LIBRARIES = YES;
				CODE_SIGN_STYLE = Automatic;
				CURRENT_PROJECT_VERSION = 1;
				DEVELOPMENT_TEAM = 4PL6HSR297;
				GENERATE_INFOPLIST_FILE = YES;
				MACOSX_DEPLOYMENT_TARGET = 12.3;
				MARKETING_VERSION = 1.0;
				PRODUCT_BUNDLE_IDENTIFIER = "cisneNegro.Tests-macOS";
				PRODUCT_NAME = "$(TARGET_NAME)";
				SDKROOT = macosx;
				SWIFT_EMIT_LOC_STRINGS = NO;
				SWIFT_VERSION = 5.0;
				TEST_TARGET_NAME = "RickAndMortyApi (macOS)";
			};
			name = Release;
		};
/* End XCBuildConfiguration section */

/* Begin XCConfigurationList section */
		EA99FA83284C65C000A5974E /* Build configuration list for PBXProject "RickAndMortyApi" */ = {
			isa = XCConfigurationList;
			buildConfigurations = (
				EA99FAB3284C65C600A5974E /* Debug */,
				EA99FAB4284C65C600A5974E /* Release */,
			);
			defaultConfigurationIsVisible = 0;
			defaultConfigurationName = Release;
		};
		EA99FAB5284C65C600A5974E /* Build configuration list for PBXNativeTarget "RickAndMortyApi (iOS)" */ = {
			isa = XCConfigurationList;
			buildConfigurations = (
				EA99FAB6284C65C600A5974E /* Debug */,
				EA99FAB7284C65C600A5974E /* Release */,
			);
			defaultConfigurationIsVisible = 0;
			defaultConfigurationName = Release;
		};
		EA99FAB8284C65C600A5974E /* Build configuration list for PBXNativeTarget "RickAndMortyApi (macOS)" */ = {
			isa = XCConfigurationList;
			buildConfigurations = (
				EA99FAB9284C65C600A5974E /* Debug */,
				EA99FABA284C65C600A5974E /* Release */,
			);
			defaultConfigurationIsVisible = 0;
			defaultConfigurationName = Release;
		};
		EA99FABB284C65C600A5974E /* Build configuration list for PBXNativeTarget "Tests iOS" */ = {
			isa = XCConfigurationList;
			buildConfigurations = (
				EA99FABC284C65C600A5974E /* Debug */,
				EA99FABD284C65C600A5974E /* Release */,
			);
			defaultConfigurationIsVisible = 0;
			defaultConfigurationName = Release;
		};
		EA99FABE284C65C600A5974E /* Build configuration list for PBXNativeTarget "Tests macOS" */ = {
			isa = XCConfigurationList;
			buildConfigurations = (
				EA99FABF284C65C600A5974E /* Debug */,
				EA99FAC0284C65C600A5974E /* Release */,
			);
			defaultConfigurationIsVisible = 0;
			defaultConfigurationName = Release;
		};
/* End XCConfigurationList section */
	};
	rootObject = EA99FA80284C65C000A5974E /* Project object */;
}
